
Microsoft Visual Studio Solution File, Format Version 12.00
# Visual Studio 2013
VisualStudioVersion = 12.0.21005.1
MinimumVisualStudioVersion = 10.0.40219.1
Project("{FAE04EC0-301F-11D3-BF4B-00C04F79EFBC}") = "001AdditionalTaskYield", "001AdditionalTaskYield\001AdditionalTaskYield.csproj", "{B9DE74F2-F36D-4E86-BA5A-A1D6C468F544}"
EndProject
Project("{FAE04EC0-301F-11D3-BF4B-00C04F79EFBC}") = "001Task2Months", "001Task2Months\001Task2Months.csproj", "{36CFE68B-E65E-4094-8BF6-64D5B89DFA25}"
EndProject
Project("{FAE04EC0-301F-11D3-BF4B-00C04F79EFBC}") = "001Task4Dictionary", "001Task4Dictionary\001Task4Dictionary.csproj", "{AF0F2FE2-A944-45D3-92CD-48AC68564382}"
EndProject
Project("{FAE04EC0-301F-11D3-BF4B-00C04F79EFBC}") = "001Task3Relatives", "001Task3Relatives\001Task3Relatives.csproj", "{F4359B67-6878-4EFB-9264-535FC227943F}"
EndProject
Global
	GlobalSection(SolutionConfigurationPlatforms) = preSolution
		Debug|Any CPU = Debug|Any CPU
		Release|Any CPU = Release|Any CPU
	EndGlobalSection
	GlobalSection(ProjectConfigurationPlatforms) = postSolution
		{B9DE74F2-F36D-4E86-BA5A-A1D6C468F544}.Debug|Any CPU.ActiveCfg = Debug|Any CPU
		{B9DE74F2-F36D-4E86-BA5A-A1D6C468F544}.Debug|Any CPU.Build.0 = Debug|Any CPU
		{B9DE74F2-F36D-4E86-BA5A-A1D6C468F544}.Release|Any CPU.ActiveCfg = Release|Any CPU
		{B9DE74F2-F36D-4E86-BA5A-A1D6C468F544}.Release|Any CPU.Build.0 = Release|Any CPU
		{36CFE68B-E65E-4094-8BF6-64D5B89DFA25}.Debug|Any CPU.ActiveCfg = Debug|Any CPU
		{36CFE68B-E65E-4094-8BF6-64D5B89DFA25}.Debug|Any CPU.Build.0 = Debug|Any CPU
		{36CFE68B-E65E-4094-8BF6-64D5B89DFA25}.Release|Any CPU.ActiveCfg = Release|Any CPU
		{36CFE68B-E65E-4094-8BF6-64D5B89DFA25}.Release|Any CPU.Build.0 = Release|Any CPU
		{AF0F2FE2-A944-45D3-92CD-48AC68564382}.Debug|Any CPU.ActiveCfg = Debug|Any CPU
		{AF0F2FE2-A944-45D3-92CD-48AC68564382}.Debug|Any CPU.Build.0 = Debug|Any CPU
		{AF0F2FE2-A944-45D3-92CD-48AC68564382}.Release|Any CPU.ActiveCfg = Release|Any CPU
		{AF0F2FE2-A944-45D3-92CD-48AC68564382}.Release|Any CPU.Build.0 = Release|Any CPU
		{F4359B67-6878-4EFB-9264-535FC227943F}.Debug|Any CPU.ActiveCfg = Debug|Any CPU
		{F4359B67-6878-4EFB-9264-535FC227943F}.Debug|Any CPU.Build.0 = Debug|Any CPU
		{F4359B67-6878-4EFB-9264-535FC227943F}.Release|Any CPU.ActiveCfg = Release|Any CPU
		{F4359B67-6878-4EFB-9264-535FC227943F}.Release|Any CPU.Build.0 = Release|Any CPU
	EndGlobalSection
	GlobalSection(SolutionProperties) = preSolution
		HideSolutionNode = FALSE
	EndGlobalSection
EndGlobal
