
Microsoft Visual Studio Solution File, Format Version 12.00
# Visual Studio 2013
VisualStudioVersion = 12.0.21005.1
MinimumVisualStudioVersion = 10.0.40219.1
Project("{FAE04EC0-301F-11D3-BF4B-00C04F79EFBC}") = "001AdditionalTaskYield", "001AdditionalTaskYield\001AdditionalTaskYield.csproj", "{B9DE74F2-F36D-4E86-BA5A-A1D6C468F544}"
EndProject
Project("{FAE04EC0-301F-11D3-BF4B-00C04F79EFBC}") = "001Task2Months", "001Task2Months\001Task2Months.csproj", "{36CFE68B-E65E-4094-8BF6-64D5B89DFA25}"
EndProject
Project("{FAE04EC0-301F-11D3-BF4B-00C04F79EFBC}") = "001Task4Dictionary", "001Task4Dictionary\001Task4Dictionary.csproj", "{AF0F2FE2-A944-45D3-92CD-48AC68564382}"
EndProject
Project("{FAE04EC0-301F-11D3-BF4B-00C04F79EFBC}") = "001Task3Relatives", "001Task3Relatives\001Task3Relatives.csproj", "{F4359B67-6878-4EFB-9264-535FC227943F}"
EndProject
Project("{FAE04EC0-301F-11D3-BF4B-00C04F79EFBC}") = "002AdditionalTaskSortedList", "002AdditionalTaskSortedList\002AdditionalTaskSortedList.csproj", "{0574207D-F337-484F-AE5A-E4EB18A092F4}"
EndProject
Project("{FAE04EC0-301F-11D3-BF4B-00C04F79EFBC}") = "002Task4OrderedDictionary", "002Task4OrderedDictionary\002Task4OrderedDictionary.csproj", "{CE5EDAD2-A0D1-4974-9981-9FD24A4C0246}"
EndProject
Project("{FAE04EC0-301F-11D3-BF4B-00C04F79EFBC}") = "002Task2CustomersCategories", "002Task2CustomersCategories\002Task2CustomersCategories.csproj", "{B4D1EF2B-59F2-4F2C-A6A8-6F7241D3F75E}"
EndProject
Project("{FAE04EC0-301F-11D3-BF4B-00C04F79EFBC}") = "002Task3Dictionaries", "002Task3Dictionaries\002Task3Dictionaries.csproj", "{ADEC5D3F-90B9-4E76-BEA2-3F0ABC7C37C2}"
EndProject
Project("{FAE04EC0-301F-11D3-BF4B-00C04F79EFBC}") = "003AdditionalTaskCreateDirectories", "003AdditionalTaskCreateDirectories\003AdditionalTaskCreateDirectories.csproj", "{62160B28-1B77-4E68-B2C3-54C7CA96D0D7}"
EndProject
Project("{FAE04EC0-301F-11D3-BF4B-00C04F79EFBC}") = "003Task2FileCreateRead", "003Task2FileCreateRead\003Task2FileCreateRead.csproj", "{76B46532-812C-4AEA-AD6F-E488345F34D4}"
EndProject
Project("{FAE04EC0-301F-11D3-BF4B-00C04F79EFBC}") = "003Task3TextWindowFileViewerAndCompression", "003Task3TextWindowFileViewerAndCompression\003Task3TextWindowFileViewerAndCompression.csproj", "{AC260E0E-297B-400A-9CA7-F00E60A1CA90}"
EndProject
Project("{FAE04EC0-301F-11D3-BF4B-00C04F79EFBC}") = "003Task4WPFIsolatedStorage", "003Task4WPFIsolatedStorage\003Task4WPFIsolatedStorage.csproj", "{58B31BAA-B407-463F-9CC9-ADC32A6F0F91}"
EndProject
Project("{FAE04EC0-301F-11D3-BF4B-00C04F79EFBC}") = "004AdditionalTaskLoginPassword", "004AdditionalTaskLoginPassword\004AdditionalTaskLoginPassword.csproj", "{A59FA6CB-DB19-493D-9908-407436F4F6FC}"
EndProject
Global
	GlobalSection(SolutionConfigurationPlatforms) = preSolution
		Debug|Any CPU = Debug|Any CPU
		Release|Any CPU = Release|Any CPU
	EndGlobalSection
	GlobalSection(ProjectConfigurationPlatforms) = postSolution
		{B9DE74F2-F36D-4E86-BA5A-A1D6C468F544}.Debug|Any CPU.ActiveCfg = Debug|Any CPU
		{B9DE74F2-F36D-4E86-BA5A-A1D6C468F544}.Debug|Any CPU.Build.0 = Debug|Any CPU
		{B9DE74F2-F36D-4E86-BA5A-A1D6C468F544}.Release|Any CPU.ActiveCfg = Release|Any CPU
		{B9DE74F2-F36D-4E86-BA5A-A1D6C468F544}.Release|Any CPU.Build.0 = Release|Any CPU
		{36CFE68B-E65E-4094-8BF6-64D5B89DFA25}.Debug|Any CPU.ActiveCfg = Debug|Any CPU
		{36CFE68B-E65E-4094-8BF6-64D5B89DFA25}.Debug|Any CPU.Build.0 = Debug|Any CPU
		{36CFE68B-E65E-4094-8BF6-64D5B89DFA25}.Release|Any CPU.ActiveCfg = Release|Any CPU
		{36CFE68B-E65E-4094-8BF6-64D5B89DFA25}.Release|Any CPU.Build.0 = Release|Any CPU
		{AF0F2FE2-A944-45D3-92CD-48AC68564382}.Debug|Any CPU.ActiveCfg = Debug|Any CPU
		{AF0F2FE2-A944-45D3-92CD-48AC68564382}.Debug|Any CPU.Build.0 = Debug|Any CPU
		{AF0F2FE2-A944-45D3-92CD-48AC68564382}.Release|Any CPU.ActiveCfg = Release|Any CPU
		{AF0F2FE2-A944-45D3-92CD-48AC68564382}.Release|Any CPU.Build.0 = Release|Any CPU
		{F4359B67-6878-4EFB-9264-535FC227943F}.Debug|Any CPU.ActiveCfg = Debug|Any CPU
		{F4359B67-6878-4EFB-9264-535FC227943F}.Debug|Any CPU.Build.0 = Debug|Any CPU
		{F4359B67-6878-4EFB-9264-535FC227943F}.Release|Any CPU.ActiveCfg = Release|Any CPU
		{F4359B67-6878-4EFB-9264-535FC227943F}.Release|Any CPU.Build.0 = Release|Any CPU
		{0574207D-F337-484F-AE5A-E4EB18A092F4}.Debug|Any CPU.ActiveCfg = Debug|Any CPU
		{0574207D-F337-484F-AE5A-E4EB18A092F4}.Debug|Any CPU.Build.0 = Debug|Any CPU
		{0574207D-F337-484F-AE5A-E4EB18A092F4}.Release|Any CPU.ActiveCfg = Release|Any CPU
		{0574207D-F337-484F-AE5A-E4EB18A092F4}.Release|Any CPU.Build.0 = Release|Any CPU
		{CE5EDAD2-A0D1-4974-9981-9FD24A4C0246}.Debug|Any CPU.ActiveCfg = Debug|Any CPU
		{CE5EDAD2-A0D1-4974-9981-9FD24A4C0246}.Debug|Any CPU.Build.0 = Debug|Any CPU
		{CE5EDAD2-A0D1-4974-9981-9FD24A4C0246}.Release|Any CPU.ActiveCfg = Release|Any CPU
		{CE5EDAD2-A0D1-4974-9981-9FD24A4C0246}.Release|Any CPU.Build.0 = Release|Any CPU
		{B4D1EF2B-59F2-4F2C-A6A8-6F7241D3F75E}.Debug|Any CPU.ActiveCfg = Debug|Any CPU
		{B4D1EF2B-59F2-4F2C-A6A8-6F7241D3F75E}.Debug|Any CPU.Build.0 = Debug|Any CPU
		{B4D1EF2B-59F2-4F2C-A6A8-6F7241D3F75E}.Release|Any CPU.ActiveCfg = Release|Any CPU
		{B4D1EF2B-59F2-4F2C-A6A8-6F7241D3F75E}.Release|Any CPU.Build.0 = Release|Any CPU
		{ADEC5D3F-90B9-4E76-BEA2-3F0ABC7C37C2}.Debug|Any CPU.ActiveCfg = Debug|Any CPU
		{ADEC5D3F-90B9-4E76-BEA2-3F0ABC7C37C2}.Debug|Any CPU.Build.0 = Debug|Any CPU
		{ADEC5D3F-90B9-4E76-BEA2-3F0ABC7C37C2}.Release|Any CPU.ActiveCfg = Release|Any CPU
		{ADEC5D3F-90B9-4E76-BEA2-3F0ABC7C37C2}.Release|Any CPU.Build.0 = Release|Any CPU
		{62160B28-1B77-4E68-B2C3-54C7CA96D0D7}.Debug|Any CPU.ActiveCfg = Debug|Any CPU
		{62160B28-1B77-4E68-B2C3-54C7CA96D0D7}.Debug|Any CPU.Build.0 = Debug|Any CPU
		{62160B28-1B77-4E68-B2C3-54C7CA96D0D7}.Release|Any CPU.ActiveCfg = Release|Any CPU
		{62160B28-1B77-4E68-B2C3-54C7CA96D0D7}.Release|Any CPU.Build.0 = Release|Any CPU
		{76B46532-812C-4AEA-AD6F-E488345F34D4}.Debug|Any CPU.ActiveCfg = Debug|Any CPU
		{76B46532-812C-4AEA-AD6F-E488345F34D4}.Debug|Any CPU.Build.0 = Debug|Any CPU
		{76B46532-812C-4AEA-AD6F-E488345F34D4}.Release|Any CPU.ActiveCfg = Release|Any CPU
		{76B46532-812C-4AEA-AD6F-E488345F34D4}.Release|Any CPU.Build.0 = Release|Any CPU
		{AC260E0E-297B-400A-9CA7-F00E60A1CA90}.Debug|Any CPU.ActiveCfg = Debug|Any CPU
		{AC260E0E-297B-400A-9CA7-F00E60A1CA90}.Debug|Any CPU.Build.0 = Debug|Any CPU
		{AC260E0E-297B-400A-9CA7-F00E60A1CA90}.Release|Any CPU.ActiveCfg = Release|Any CPU
		{AC260E0E-297B-400A-9CA7-F00E60A1CA90}.Release|Any CPU.Build.0 = Release|Any CPU
		{58B31BAA-B407-463F-9CC9-ADC32A6F0F91}.Debug|Any CPU.ActiveCfg = Debug|Any CPU
		{58B31BAA-B407-463F-9CC9-ADC32A6F0F91}.Debug|Any CPU.Build.0 = Debug|Any CPU
		{58B31BAA-B407-463F-9CC9-ADC32A6F0F91}.Release|Any CPU.ActiveCfg = Release|Any CPU
		{58B31BAA-B407-463F-9CC9-ADC32A6F0F91}.Release|Any CPU.Build.0 = Release|Any CPU
		{A59FA6CB-DB19-493D-9908-407436F4F6FC}.Debug|Any CPU.ActiveCfg = Debug|Any CPU
		{A59FA6CB-DB19-493D-9908-407436F4F6FC}.Debug|Any CPU.Build.0 = Debug|Any CPU
		{A59FA6CB-DB19-493D-9908-407436F4F6FC}.Release|Any CPU.ActiveCfg = Release|Any CPU
		{A59FA6CB-DB19-493D-9908-407436F4F6FC}.Release|Any CPU.Build.0 = Release|Any CPU
	EndGlobalSection
	GlobalSection(SolutionProperties) = preSolution
		HideSolutionNode = FALSE
	EndGlobalSection
EndGlobal
