
Microsoft Visual Studio Solution File, Format Version 12.00
# Visual Studio 14
VisualStudioVersion = 14.0.23107.0
MinimumVisualStudioVersion = 10.0.40219.1
Project("{FAE04EC0-301F-11D3-BF4B-00C04F79EFBC}") = "001AdditionalTaskYield", "001AdditionalTaskYield\001AdditionalTaskYield.csproj", "{B9DE74F2-F36D-4E86-BA5A-A1D6C468F544}"
EndProject
Project("{FAE04EC0-301F-11D3-BF4B-00C04F79EFBC}") = "001Task2Months", "001Task2Months\001Task2Months.csproj", "{36CFE68B-E65E-4094-8BF6-64D5B89DFA25}"
EndProject
Project("{FAE04EC0-301F-11D3-BF4B-00C04F79EFBC}") = "001Task4Dictionary", "001Task4Dictionary\001Task4Dictionary.csproj", "{AF0F2FE2-A944-45D3-92CD-48AC68564382}"
EndProject
Project("{FAE04EC0-301F-11D3-BF4B-00C04F79EFBC}") = "001Task3Relatives", "001Task3Relatives\001Task3Relatives.csproj", "{F4359B67-6878-4EFB-9264-535FC227943F}"
EndProject
Project("{FAE04EC0-301F-11D3-BF4B-00C04F79EFBC}") = "002AdditionalTaskSortedList", "002AdditionalTaskSortedList\002AdditionalTaskSortedList.csproj", "{0574207D-F337-484F-AE5A-E4EB18A092F4}"
EndProject
Project("{FAE04EC0-301F-11D3-BF4B-00C04F79EFBC}") = "002Task4OrderedDictionary", "002Task4OrderedDictionary\002Task4OrderedDictionary.csproj", "{CE5EDAD2-A0D1-4974-9981-9FD24A4C0246}"
EndProject
Project("{FAE04EC0-301F-11D3-BF4B-00C04F79EFBC}") = "002Task2CustomersCategories", "002Task2CustomersCategories\002Task2CustomersCategories.csproj", "{B4D1EF2B-59F2-4F2C-A6A8-6F7241D3F75E}"
EndProject
Project("{FAE04EC0-301F-11D3-BF4B-00C04F79EFBC}") = "002Task3Dictionaries", "002Task3Dictionaries\002Task3Dictionaries.csproj", "{ADEC5D3F-90B9-4E76-BEA2-3F0ABC7C37C2}"
EndProject
Project("{FAE04EC0-301F-11D3-BF4B-00C04F79EFBC}") = "003AdditionalTaskCreateDirectories", "003AdditionalTaskCreateDirectories\003AdditionalTaskCreateDirectories.csproj", "{62160B28-1B77-4E68-B2C3-54C7CA96D0D7}"
EndProject
Project("{FAE04EC0-301F-11D3-BF4B-00C04F79EFBC}") = "003Task2FileCreateRead", "003Task2FileCreateRead\003Task2FileCreateRead.csproj", "{76B46532-812C-4AEA-AD6F-E488345F34D4}"
EndProject
Project("{FAE04EC0-301F-11D3-BF4B-00C04F79EFBC}") = "003Task3TextWindowFileViewerAndCompression", "003Task3TextWindowFileViewerAndCompression\003Task3TextWindowFileViewerAndCompression.csproj", "{AC260E0E-297B-400A-9CA7-F00E60A1CA90}"
EndProject
Project("{FAE04EC0-301F-11D3-BF4B-00C04F79EFBC}") = "003Task4WPFIsolatedStorage", "003Task4WPFIsolatedStorage\003Task4WPFIsolatedStorage.csproj", "{58B31BAA-B407-463F-9CC9-ADC32A6F0F91}"
EndProject
Project("{FAE04EC0-301F-11D3-BF4B-00C04F79EFBC}") = "004AdditionalTaskLoginPassword", "004AdditionalTaskLoginPassword\004AdditionalTaskLoginPassword.csproj", "{A59FA6CB-DB19-493D-9908-407436F4F6FC}"
EndProject
Project("{FAE04EC0-301F-11D3-BF4B-00C04F79EFBC}") = "004Task3Bark", "004Task3Bark\004Task3Bark.csproj", "{39A9A7EC-4A5C-4811-9DDE-D2DAAA25DCF7}"
EndProject
Project("{FAE04EC0-301F-11D3-BF4B-00C04F79EFBC}") = "004Task2WebPageParser", "004Task2WebPageParser\004Task2WebPageParser.csproj", "{D0D5DE34-8CA1-4E95-9D1D-F8E88F4752DA}"
EndProject
Project("{FAE04EC0-301F-11D3-BF4B-00C04F79EFBC}") = "004Task4Bills", "004Task4Bills\004Task4Bills.csproj", "{8079E3AA-6E7F-4334-84CF-64D4C64D6BA0}"
EndProject
Project("{FAE04EC0-301F-11D3-BF4B-00C04F79EFBC}") = "005AdditionalTaskTelephoneBook", "005AdditionalTaskTelephoneBook\005AdditionalTaskTelephoneBook.csproj", "{402CF0A6-AC70-4ECF-AAA8-731C85F3D3A3}"
EndProject
Project("{FAE04EC0-301F-11D3-BF4B-00C04F79EFBC}") = "005Task2XmlDocInfo", "005Task2XmlDocInfo\005Task2XmlDocInfo.csproj", "{DB6EEA46-9260-4890-917E-1681B79894AA}"
EndProject
Project("{FAE04EC0-301F-11D3-BF4B-00C04F79EFBC}") = "005Task3TelephonesOnly", "005Task3TelephonesOnly\005Task3TelephonesOnly.csproj", "{9A86F4A9-8D90-45E5-BA81-3181911B51E9}"
EndProject
Project("{FAE04EC0-301F-11D3-BF4B-00C04F79EFBC}") = "005Task4Admin", "005Task4Admin\005Task4Admin.csproj", "{32FA21D9-EBC5-4AE4-B80F-B0059E3C6781}"
EndProject
Project("{FAE04EC0-301F-11D3-BF4B-00C04F79EFBC}") = "005Task4Client", "005Task4Client\005Task4Client.csproj", "{67F747A5-5050-478E-BC3E-AC49A49D540D}"
EndProject
Project("{FAE04EC0-301F-11D3-BF4B-00C04F79EFBC}") = "006Task2CreateAssembly", "006Task2CreateAssembly\006Task2CreateAssembly.csproj", "{BC080D34-450C-4CAA-BA25-D9A55E38828C}"
EndProject
Project("{FAE04EC0-301F-11D3-BF4B-00C04F79EFBC}") = "006Task3AssemblyUsage", "006Task3AssemblyUsage\006Task3AssemblyUsage.csproj", "{87162BD5-9CD0-4442-801A-657C8883DE64}"
EndProject
Project("{FAE04EC0-301F-11D3-BF4B-00C04F79EFBC}") = "006AdditionalTaskReflector", "006AdditionalTaskReflector\006AdditionalTaskReflector.csproj", "{98708F7E-DF6D-45C7-9E79-E815C7367CBB}"
EndProject
Project("{FAE04EC0-301F-11D3-BF4B-00C04F79EFBC}") = "007AdditionalTaskCustomAttr", "007AdditionalTaskCustomAttr\007AdditionalTaskCustomAttr.csproj", "{0A80A116-0A1E-4ECE-892D-227BE175990D}"
EndProject
Project("{FAE04EC0-301F-11D3-BF4B-00C04F79EFBC}") = "007ObsoleteAttr", "007ObsoleteAttr\007ObsoleteAttr.csproj", "{B6B47E30-644F-4429-A854-F6C42AA50D70}"
EndProject
Project("{FAE04EC0-301F-11D3-BF4B-00C04F79EFBC}") = "008SoapSerialization", "008SoapSerialization\008SoapSerialization.csproj", "{E9AA4B3F-4590-49DD-A327-FD5758538733}"
EndProject
Project("{FAE04EC0-301F-11D3-BF4B-00C04F79EFBC}") = "008Task2Task3BinarySerialization", "008Task2Task3BinarySerialization\008Task2Task3BinarySerialization.csproj", "{89BAAA6E-24AB-4F55-9862-3D35A17888CD}"
EndProject
Project("{FAE04EC0-301F-11D3-BF4B-00C04F79EFBC}") = "010AdditionalTaskNVI", "010AdditionalTaskNVI\010AdditionalTaskNVI.csproj", "{A9EE5FC7-6A78-4053-9C24-844A8046E17F}"
EndProject
Project("{FAE04EC0-301F-11D3-BF4B-00C04F79EFBC}") = "010Task2TemplateMethod", "010Task1TemplateMethod\010Task2TemplateMethod.csproj", "{36F62FDD-BB7B-45FD-ABC5-E569BABC40E4}"
EndProject
Project("{FAE04EC0-301F-11D3-BF4B-00C04F79EFBC}") = "011Task2MultiThreadFile", "011Task2MultiThreadFile\011Task2MultiThreadFile.csproj", "{E3BB5263-ED98-4FB1-AE11-ED3A6C7C5A2B}"
EndProject
Project("{FAE04EC0-301F-11D3-BF4B-00C04F79EFBC}") = "011AdditionalTaskThreadsStepByStep", "011AdditionalTaskThreadsStepByStep\011AdditionalTaskThreadsStepByStep.csproj", "{1D97A8E2-9B44-4D40-B1CB-D4975F7A09A4}"
EndProject
Project("{FAE04EC0-301F-11D3-BF4B-00C04F79EFBC}") = "012AdditionalTaskSemaphore", "012AdditionalTaskSemaphore\012AdditionalTaskSemaphore.csproj", "{74F40757-C948-4429-8833-EB799F3E37CB}"
EndProject
Project("{FAE04EC0-301F-11D3-BF4B-00C04F79EFBC}") = "012Task1AutoResetEvent", "012Task1AutoResetEvent\012Task1AutoResetEvent.csproj", "{C61C9950-3325-4162-97E5-435EFBE113C2}"
EndProject
Project("{FAE04EC0-301F-11D3-BF4B-00C04F79EFBC}") = "012Task2Mutex", "012Task2Mutex\012Task2Mutex.csproj", "{73988A41-3DBD-4ECD-9CF2-47F86C8309F4}"
EndProject
Project("{FAE04EC0-301F-11D3-BF4B-00C04F79EFBC}") = "013AsyncTaskCallback", "013AsyncTaskCallback\013AsyncTaskCallback.csproj", "{9715AB4F-E283-4CF7-8CCA-D8A04EA8BAFD}"
EndProject
Project("{FAE04EC0-301F-11D3-BF4B-00C04F79EFBC}") = "013AdditionalTask3Buttons", "013AdditionalTask3Buttons\013AdditionalTask3Buttons.csproj", "{5F2B7D66-37CA-4B4D-ABE7-E8FB6CD0BC51}"
EndProject
Project("{FAE04EC0-301F-11D3-BF4B-00C04F79EFBC}") = "016Task2Expression", "016Task2Expression\016Task2Expression.csproj", "{6EFAAD93-81BC-4546-AC12-31B333D1E8F1}"
EndProject
Project("{FAE04EC0-301F-11D3-BF4B-00C04F79EFBC}") = "016AdditionalTaskCollection", "016AdditionalTaskCollection\016AdditionalTaskCollection.csproj", "{E198A4F9-14E3-4B9F-8839-ABED8D9C0E87}"
EndProject
Project("{FAE04EC0-301F-11D3-BF4B-00C04F79EFBC}") = "014-015AdditionalTaskPLINQ", "014-015AdditionalTaskPLINQ\014-015AdditionalTaskPLINQ.csproj", "{650031BE-3003-463E-B860-B6C90B41CF9F}"
EndProject
Project("{FAE04EC0-301F-11D3-BF4B-00C04F79EFBC}") = "014-015Task2AsyncAwait", "014-015Task2AsyncAwait\014-015Task2AsyncAwait.csproj", "{955E124D-530C-46E2-83C3-3DA166F20C44}"
EndProject
Project("{FAE04EC0-301F-11D3-BF4B-00C04F79EFBC}") = "009AdditionalTaskDisposePattern", "009AdditionalTaskDisposePattern\009AdditionalTaskDisposePattern.csproj", "{0AD2133D-BD45-4871-8A75-987E46BBF070}"
EndProject
Project("{FAE04EC0-301F-11D3-BF4B-00C04F79EFBC}") = "009Task2ResourceMonitoring", "009Task2ResourceMonitoring\009Task2ResourceMonitoring.csproj", "{DDF5E135-C1E9-4C05-BAC3-4E364CCF3C0B}"
EndProject
Global
	GlobalSection(SolutionConfigurationPlatforms) = preSolution
		Debug|Any CPU = Debug|Any CPU
		Release|Any CPU = Release|Any CPU
	EndGlobalSection
	GlobalSection(ProjectConfigurationPlatforms) = postSolution
		{B9DE74F2-F36D-4E86-BA5A-A1D6C468F544}.Debug|Any CPU.ActiveCfg = Debug|Any CPU
		{B9DE74F2-F36D-4E86-BA5A-A1D6C468F544}.Debug|Any CPU.Build.0 = Debug|Any CPU
		{B9DE74F2-F36D-4E86-BA5A-A1D6C468F544}.Release|Any CPU.ActiveCfg = Release|Any CPU
		{B9DE74F2-F36D-4E86-BA5A-A1D6C468F544}.Release|Any CPU.Build.0 = Release|Any CPU
		{36CFE68B-E65E-4094-8BF6-64D5B89DFA25}.Debug|Any CPU.ActiveCfg = Debug|Any CPU
		{36CFE68B-E65E-4094-8BF6-64D5B89DFA25}.Debug|Any CPU.Build.0 = Debug|Any CPU
		{36CFE68B-E65E-4094-8BF6-64D5B89DFA25}.Release|Any CPU.ActiveCfg = Release|Any CPU
		{36CFE68B-E65E-4094-8BF6-64D5B89DFA25}.Release|Any CPU.Build.0 = Release|Any CPU
		{AF0F2FE2-A944-45D3-92CD-48AC68564382}.Debug|Any CPU.ActiveCfg = Debug|Any CPU
		{AF0F2FE2-A944-45D3-92CD-48AC68564382}.Debug|Any CPU.Build.0 = Debug|Any CPU
		{AF0F2FE2-A944-45D3-92CD-48AC68564382}.Release|Any CPU.ActiveCfg = Release|Any CPU
		{AF0F2FE2-A944-45D3-92CD-48AC68564382}.Release|Any CPU.Build.0 = Release|Any CPU
		{F4359B67-6878-4EFB-9264-535FC227943F}.Debug|Any CPU.ActiveCfg = Debug|Any CPU
		{F4359B67-6878-4EFB-9264-535FC227943F}.Debug|Any CPU.Build.0 = Debug|Any CPU
		{F4359B67-6878-4EFB-9264-535FC227943F}.Release|Any CPU.ActiveCfg = Release|Any CPU
		{F4359B67-6878-4EFB-9264-535FC227943F}.Release|Any CPU.Build.0 = Release|Any CPU
		{0574207D-F337-484F-AE5A-E4EB18A092F4}.Debug|Any CPU.ActiveCfg = Debug|Any CPU
		{0574207D-F337-484F-AE5A-E4EB18A092F4}.Debug|Any CPU.Build.0 = Debug|Any CPU
		{0574207D-F337-484F-AE5A-E4EB18A092F4}.Release|Any CPU.ActiveCfg = Release|Any CPU
		{0574207D-F337-484F-AE5A-E4EB18A092F4}.Release|Any CPU.Build.0 = Release|Any CPU
		{CE5EDAD2-A0D1-4974-9981-9FD24A4C0246}.Debug|Any CPU.ActiveCfg = Debug|Any CPU
		{CE5EDAD2-A0D1-4974-9981-9FD24A4C0246}.Debug|Any CPU.Build.0 = Debug|Any CPU
		{CE5EDAD2-A0D1-4974-9981-9FD24A4C0246}.Release|Any CPU.ActiveCfg = Release|Any CPU
		{CE5EDAD2-A0D1-4974-9981-9FD24A4C0246}.Release|Any CPU.Build.0 = Release|Any CPU
		{B4D1EF2B-59F2-4F2C-A6A8-6F7241D3F75E}.Debug|Any CPU.ActiveCfg = Debug|Any CPU
		{B4D1EF2B-59F2-4F2C-A6A8-6F7241D3F75E}.Debug|Any CPU.Build.0 = Debug|Any CPU
		{B4D1EF2B-59F2-4F2C-A6A8-6F7241D3F75E}.Release|Any CPU.ActiveCfg = Release|Any CPU
		{B4D1EF2B-59F2-4F2C-A6A8-6F7241D3F75E}.Release|Any CPU.Build.0 = Release|Any CPU
		{ADEC5D3F-90B9-4E76-BEA2-3F0ABC7C37C2}.Debug|Any CPU.ActiveCfg = Debug|Any CPU
		{ADEC5D3F-90B9-4E76-BEA2-3F0ABC7C37C2}.Debug|Any CPU.Build.0 = Debug|Any CPU
		{ADEC5D3F-90B9-4E76-BEA2-3F0ABC7C37C2}.Release|Any CPU.ActiveCfg = Release|Any CPU
		{ADEC5D3F-90B9-4E76-BEA2-3F0ABC7C37C2}.Release|Any CPU.Build.0 = Release|Any CPU
		{62160B28-1B77-4E68-B2C3-54C7CA96D0D7}.Debug|Any CPU.ActiveCfg = Debug|Any CPU
		{62160B28-1B77-4E68-B2C3-54C7CA96D0D7}.Debug|Any CPU.Build.0 = Debug|Any CPU
		{62160B28-1B77-4E68-B2C3-54C7CA96D0D7}.Release|Any CPU.ActiveCfg = Release|Any CPU
		{62160B28-1B77-4E68-B2C3-54C7CA96D0D7}.Release|Any CPU.Build.0 = Release|Any CPU
		{76B46532-812C-4AEA-AD6F-E488345F34D4}.Debug|Any CPU.ActiveCfg = Debug|Any CPU
		{76B46532-812C-4AEA-AD6F-E488345F34D4}.Debug|Any CPU.Build.0 = Debug|Any CPU
		{76B46532-812C-4AEA-AD6F-E488345F34D4}.Release|Any CPU.ActiveCfg = Release|Any CPU
		{76B46532-812C-4AEA-AD6F-E488345F34D4}.Release|Any CPU.Build.0 = Release|Any CPU
		{AC260E0E-297B-400A-9CA7-F00E60A1CA90}.Debug|Any CPU.ActiveCfg = Debug|Any CPU
		{AC260E0E-297B-400A-9CA7-F00E60A1CA90}.Debug|Any CPU.Build.0 = Debug|Any CPU
		{AC260E0E-297B-400A-9CA7-F00E60A1CA90}.Release|Any CPU.ActiveCfg = Release|Any CPU
		{AC260E0E-297B-400A-9CA7-F00E60A1CA90}.Release|Any CPU.Build.0 = Release|Any CPU
		{58B31BAA-B407-463F-9CC9-ADC32A6F0F91}.Debug|Any CPU.ActiveCfg = Debug|Any CPU
		{58B31BAA-B407-463F-9CC9-ADC32A6F0F91}.Debug|Any CPU.Build.0 = Debug|Any CPU
		{58B31BAA-B407-463F-9CC9-ADC32A6F0F91}.Release|Any CPU.ActiveCfg = Release|Any CPU
		{58B31BAA-B407-463F-9CC9-ADC32A6F0F91}.Release|Any CPU.Build.0 = Release|Any CPU
		{A59FA6CB-DB19-493D-9908-407436F4F6FC}.Debug|Any CPU.ActiveCfg = Debug|Any CPU
		{A59FA6CB-DB19-493D-9908-407436F4F6FC}.Debug|Any CPU.Build.0 = Debug|Any CPU
		{A59FA6CB-DB19-493D-9908-407436F4F6FC}.Release|Any CPU.ActiveCfg = Release|Any CPU
		{A59FA6CB-DB19-493D-9908-407436F4F6FC}.Release|Any CPU.Build.0 = Release|Any CPU
		{39A9A7EC-4A5C-4811-9DDE-D2DAAA25DCF7}.Debug|Any CPU.ActiveCfg = Debug|Any CPU
		{39A9A7EC-4A5C-4811-9DDE-D2DAAA25DCF7}.Debug|Any CPU.Build.0 = Debug|Any CPU
		{39A9A7EC-4A5C-4811-9DDE-D2DAAA25DCF7}.Release|Any CPU.ActiveCfg = Release|Any CPU
		{39A9A7EC-4A5C-4811-9DDE-D2DAAA25DCF7}.Release|Any CPU.Build.0 = Release|Any CPU
		{D0D5DE34-8CA1-4E95-9D1D-F8E88F4752DA}.Debug|Any CPU.ActiveCfg = Debug|Any CPU
		{D0D5DE34-8CA1-4E95-9D1D-F8E88F4752DA}.Debug|Any CPU.Build.0 = Debug|Any CPU
		{D0D5DE34-8CA1-4E95-9D1D-F8E88F4752DA}.Release|Any CPU.ActiveCfg = Release|Any CPU
		{D0D5DE34-8CA1-4E95-9D1D-F8E88F4752DA}.Release|Any CPU.Build.0 = Release|Any CPU
		{8079E3AA-6E7F-4334-84CF-64D4C64D6BA0}.Debug|Any CPU.ActiveCfg = Debug|Any CPU
		{8079E3AA-6E7F-4334-84CF-64D4C64D6BA0}.Debug|Any CPU.Build.0 = Debug|Any CPU
		{8079E3AA-6E7F-4334-84CF-64D4C64D6BA0}.Release|Any CPU.ActiveCfg = Release|Any CPU
		{8079E3AA-6E7F-4334-84CF-64D4C64D6BA0}.Release|Any CPU.Build.0 = Release|Any CPU
		{402CF0A6-AC70-4ECF-AAA8-731C85F3D3A3}.Debug|Any CPU.ActiveCfg = Debug|Any CPU
		{402CF0A6-AC70-4ECF-AAA8-731C85F3D3A3}.Debug|Any CPU.Build.0 = Debug|Any CPU
		{402CF0A6-AC70-4ECF-AAA8-731C85F3D3A3}.Release|Any CPU.ActiveCfg = Release|Any CPU
		{402CF0A6-AC70-4ECF-AAA8-731C85F3D3A3}.Release|Any CPU.Build.0 = Release|Any CPU
		{DB6EEA46-9260-4890-917E-1681B79894AA}.Debug|Any CPU.ActiveCfg = Debug|Any CPU
		{DB6EEA46-9260-4890-917E-1681B79894AA}.Debug|Any CPU.Build.0 = Debug|Any CPU
		{DB6EEA46-9260-4890-917E-1681B79894AA}.Release|Any CPU.ActiveCfg = Release|Any CPU
		{DB6EEA46-9260-4890-917E-1681B79894AA}.Release|Any CPU.Build.0 = Release|Any CPU
		{9A86F4A9-8D90-45E5-BA81-3181911B51E9}.Debug|Any CPU.ActiveCfg = Debug|Any CPU
		{9A86F4A9-8D90-45E5-BA81-3181911B51E9}.Debug|Any CPU.Build.0 = Debug|Any CPU
		{9A86F4A9-8D90-45E5-BA81-3181911B51E9}.Release|Any CPU.ActiveCfg = Release|Any CPU
		{9A86F4A9-8D90-45E5-BA81-3181911B51E9}.Release|Any CPU.Build.0 = Release|Any CPU
		{32FA21D9-EBC5-4AE4-B80F-B0059E3C6781}.Debug|Any CPU.ActiveCfg = Debug|Any CPU
		{32FA21D9-EBC5-4AE4-B80F-B0059E3C6781}.Debug|Any CPU.Build.0 = Debug|Any CPU
		{32FA21D9-EBC5-4AE4-B80F-B0059E3C6781}.Release|Any CPU.ActiveCfg = Release|Any CPU
		{32FA21D9-EBC5-4AE4-B80F-B0059E3C6781}.Release|Any CPU.Build.0 = Release|Any CPU
		{67F747A5-5050-478E-BC3E-AC49A49D540D}.Debug|Any CPU.ActiveCfg = Debug|Any CPU
		{67F747A5-5050-478E-BC3E-AC49A49D540D}.Debug|Any CPU.Build.0 = Debug|Any CPU
		{67F747A5-5050-478E-BC3E-AC49A49D540D}.Release|Any CPU.ActiveCfg = Release|Any CPU
		{67F747A5-5050-478E-BC3E-AC49A49D540D}.Release|Any CPU.Build.0 = Release|Any CPU
		{BC080D34-450C-4CAA-BA25-D9A55E38828C}.Debug|Any CPU.ActiveCfg = Debug|Any CPU
		{BC080D34-450C-4CAA-BA25-D9A55E38828C}.Debug|Any CPU.Build.0 = Debug|Any CPU
		{BC080D34-450C-4CAA-BA25-D9A55E38828C}.Release|Any CPU.ActiveCfg = Release|Any CPU
		{BC080D34-450C-4CAA-BA25-D9A55E38828C}.Release|Any CPU.Build.0 = Release|Any CPU
		{87162BD5-9CD0-4442-801A-657C8883DE64}.Debug|Any CPU.ActiveCfg = Debug|Any CPU
		{87162BD5-9CD0-4442-801A-657C8883DE64}.Debug|Any CPU.Build.0 = Debug|Any CPU
		{87162BD5-9CD0-4442-801A-657C8883DE64}.Release|Any CPU.ActiveCfg = Release|Any CPU
		{87162BD5-9CD0-4442-801A-657C8883DE64}.Release|Any CPU.Build.0 = Release|Any CPU
		{98708F7E-DF6D-45C7-9E79-E815C7367CBB}.Debug|Any CPU.ActiveCfg = Debug|Any CPU
		{98708F7E-DF6D-45C7-9E79-E815C7367CBB}.Debug|Any CPU.Build.0 = Debug|Any CPU
		{98708F7E-DF6D-45C7-9E79-E815C7367CBB}.Release|Any CPU.ActiveCfg = Release|Any CPU
		{98708F7E-DF6D-45C7-9E79-E815C7367CBB}.Release|Any CPU.Build.0 = Release|Any CPU
		{0A80A116-0A1E-4ECE-892D-227BE175990D}.Debug|Any CPU.ActiveCfg = Debug|Any CPU
		{0A80A116-0A1E-4ECE-892D-227BE175990D}.Debug|Any CPU.Build.0 = Debug|Any CPU
		{0A80A116-0A1E-4ECE-892D-227BE175990D}.Release|Any CPU.ActiveCfg = Release|Any CPU
		{0A80A116-0A1E-4ECE-892D-227BE175990D}.Release|Any CPU.Build.0 = Release|Any CPU
		{B6B47E30-644F-4429-A854-F6C42AA50D70}.Debug|Any CPU.ActiveCfg = Debug|Any CPU
		{B6B47E30-644F-4429-A854-F6C42AA50D70}.Debug|Any CPU.Build.0 = Debug|Any CPU
		{B6B47E30-644F-4429-A854-F6C42AA50D70}.Release|Any CPU.ActiveCfg = Release|Any CPU
		{B6B47E30-644F-4429-A854-F6C42AA50D70}.Release|Any CPU.Build.0 = Release|Any CPU
		{E9AA4B3F-4590-49DD-A327-FD5758538733}.Debug|Any CPU.ActiveCfg = Debug|Any CPU
		{E9AA4B3F-4590-49DD-A327-FD5758538733}.Debug|Any CPU.Build.0 = Debug|Any CPU
		{E9AA4B3F-4590-49DD-A327-FD5758538733}.Release|Any CPU.ActiveCfg = Release|Any CPU
		{E9AA4B3F-4590-49DD-A327-FD5758538733}.Release|Any CPU.Build.0 = Release|Any CPU
		{89BAAA6E-24AB-4F55-9862-3D35A17888CD}.Debug|Any CPU.ActiveCfg = Debug|Any CPU
		{89BAAA6E-24AB-4F55-9862-3D35A17888CD}.Debug|Any CPU.Build.0 = Debug|Any CPU
		{89BAAA6E-24AB-4F55-9862-3D35A17888CD}.Release|Any CPU.ActiveCfg = Release|Any CPU
		{89BAAA6E-24AB-4F55-9862-3D35A17888CD}.Release|Any CPU.Build.0 = Release|Any CPU
		{A9EE5FC7-6A78-4053-9C24-844A8046E17F}.Debug|Any CPU.ActiveCfg = Debug|Any CPU
		{A9EE5FC7-6A78-4053-9C24-844A8046E17F}.Debug|Any CPU.Build.0 = Debug|Any CPU
		{A9EE5FC7-6A78-4053-9C24-844A8046E17F}.Release|Any CPU.ActiveCfg = Release|Any CPU
		{A9EE5FC7-6A78-4053-9C24-844A8046E17F}.Release|Any CPU.Build.0 = Release|Any CPU
		{36F62FDD-BB7B-45FD-ABC5-E569BABC40E4}.Debug|Any CPU.ActiveCfg = Debug|Any CPU
		{36F62FDD-BB7B-45FD-ABC5-E569BABC40E4}.Debug|Any CPU.Build.0 = Debug|Any CPU
		{36F62FDD-BB7B-45FD-ABC5-E569BABC40E4}.Release|Any CPU.ActiveCfg = Release|Any CPU
		{36F62FDD-BB7B-45FD-ABC5-E569BABC40E4}.Release|Any CPU.Build.0 = Release|Any CPU
		{E3BB5263-ED98-4FB1-AE11-ED3A6C7C5A2B}.Debug|Any CPU.ActiveCfg = Debug|Any CPU
		{E3BB5263-ED98-4FB1-AE11-ED3A6C7C5A2B}.Debug|Any CPU.Build.0 = Debug|Any CPU
		{E3BB5263-ED98-4FB1-AE11-ED3A6C7C5A2B}.Release|Any CPU.ActiveCfg = Release|Any CPU
		{E3BB5263-ED98-4FB1-AE11-ED3A6C7C5A2B}.Release|Any CPU.Build.0 = Release|Any CPU
		{1D97A8E2-9B44-4D40-B1CB-D4975F7A09A4}.Debug|Any CPU.ActiveCfg = Debug|Any CPU
		{1D97A8E2-9B44-4D40-B1CB-D4975F7A09A4}.Debug|Any CPU.Build.0 = Debug|Any CPU
		{1D97A8E2-9B44-4D40-B1CB-D4975F7A09A4}.Release|Any CPU.ActiveCfg = Release|Any CPU
		{1D97A8E2-9B44-4D40-B1CB-D4975F7A09A4}.Release|Any CPU.Build.0 = Release|Any CPU
		{74F40757-C948-4429-8833-EB799F3E37CB}.Debug|Any CPU.ActiveCfg = Debug|Any CPU
		{74F40757-C948-4429-8833-EB799F3E37CB}.Debug|Any CPU.Build.0 = Debug|Any CPU
		{74F40757-C948-4429-8833-EB799F3E37CB}.Release|Any CPU.ActiveCfg = Release|Any CPU
		{74F40757-C948-4429-8833-EB799F3E37CB}.Release|Any CPU.Build.0 = Release|Any CPU
		{C61C9950-3325-4162-97E5-435EFBE113C2}.Debug|Any CPU.ActiveCfg = Debug|Any CPU
		{C61C9950-3325-4162-97E5-435EFBE113C2}.Debug|Any CPU.Build.0 = Debug|Any CPU
		{C61C9950-3325-4162-97E5-435EFBE113C2}.Release|Any CPU.ActiveCfg = Release|Any CPU
		{C61C9950-3325-4162-97E5-435EFBE113C2}.Release|Any CPU.Build.0 = Release|Any CPU
		{73988A41-3DBD-4ECD-9CF2-47F86C8309F4}.Debug|Any CPU.ActiveCfg = Debug|Any CPU
		{73988A41-3DBD-4ECD-9CF2-47F86C8309F4}.Debug|Any CPU.Build.0 = Debug|Any CPU
		{73988A41-3DBD-4ECD-9CF2-47F86C8309F4}.Release|Any CPU.ActiveCfg = Release|Any CPU
		{73988A41-3DBD-4ECD-9CF2-47F86C8309F4}.Release|Any CPU.Build.0 = Release|Any CPU
		{9715AB4F-E283-4CF7-8CCA-D8A04EA8BAFD}.Debug|Any CPU.ActiveCfg = Debug|Any CPU
		{9715AB4F-E283-4CF7-8CCA-D8A04EA8BAFD}.Debug|Any CPU.Build.0 = Debug|Any CPU
		{9715AB4F-E283-4CF7-8CCA-D8A04EA8BAFD}.Release|Any CPU.ActiveCfg = Release|Any CPU
		{9715AB4F-E283-4CF7-8CCA-D8A04EA8BAFD}.Release|Any CPU.Build.0 = Release|Any CPU
		{5F2B7D66-37CA-4B4D-ABE7-E8FB6CD0BC51}.Debug|Any CPU.ActiveCfg = Debug|Any CPU
		{5F2B7D66-37CA-4B4D-ABE7-E8FB6CD0BC51}.Debug|Any CPU.Build.0 = Debug|Any CPU
		{5F2B7D66-37CA-4B4D-ABE7-E8FB6CD0BC51}.Release|Any CPU.ActiveCfg = Release|Any CPU
		{5F2B7D66-37CA-4B4D-ABE7-E8FB6CD0BC51}.Release|Any CPU.Build.0 = Release|Any CPU
		{6EFAAD93-81BC-4546-AC12-31B333D1E8F1}.Debug|Any CPU.ActiveCfg = Debug|Any CPU
		{6EFAAD93-81BC-4546-AC12-31B333D1E8F1}.Debug|Any CPU.Build.0 = Debug|Any CPU
		{6EFAAD93-81BC-4546-AC12-31B333D1E8F1}.Release|Any CPU.ActiveCfg = Release|Any CPU
		{6EFAAD93-81BC-4546-AC12-31B333D1E8F1}.Release|Any CPU.Build.0 = Release|Any CPU
		{E198A4F9-14E3-4B9F-8839-ABED8D9C0E87}.Debug|Any CPU.ActiveCfg = Debug|Any CPU
		{E198A4F9-14E3-4B9F-8839-ABED8D9C0E87}.Debug|Any CPU.Build.0 = Debug|Any CPU
		{E198A4F9-14E3-4B9F-8839-ABED8D9C0E87}.Release|Any CPU.ActiveCfg = Release|Any CPU
		{E198A4F9-14E3-4B9F-8839-ABED8D9C0E87}.Release|Any CPU.Build.0 = Release|Any CPU
		{650031BE-3003-463E-B860-B6C90B41CF9F}.Debug|Any CPU.ActiveCfg = Debug|Any CPU
		{650031BE-3003-463E-B860-B6C90B41CF9F}.Debug|Any CPU.Build.0 = Debug|Any CPU
		{650031BE-3003-463E-B860-B6C90B41CF9F}.Release|Any CPU.ActiveCfg = Release|Any CPU
		{650031BE-3003-463E-B860-B6C90B41CF9F}.Release|Any CPU.Build.0 = Release|Any CPU
		{955E124D-530C-46E2-83C3-3DA166F20C44}.Debug|Any CPU.ActiveCfg = Debug|Any CPU
		{955E124D-530C-46E2-83C3-3DA166F20C44}.Debug|Any CPU.Build.0 = Debug|Any CPU
		{955E124D-530C-46E2-83C3-3DA166F20C44}.Release|Any CPU.ActiveCfg = Release|Any CPU
		{955E124D-530C-46E2-83C3-3DA166F20C44}.Release|Any CPU.Build.0 = Release|Any CPU
		{0AD2133D-BD45-4871-8A75-987E46BBF070}.Debug|Any CPU.ActiveCfg = Debug|Any CPU
		{0AD2133D-BD45-4871-8A75-987E46BBF070}.Debug|Any CPU.Build.0 = Debug|Any CPU
		{0AD2133D-BD45-4871-8A75-987E46BBF070}.Release|Any CPU.ActiveCfg = Release|Any CPU
		{0AD2133D-BD45-4871-8A75-987E46BBF070}.Release|Any CPU.Build.0 = Release|Any CPU
		{DDF5E135-C1E9-4C05-BAC3-4E364CCF3C0B}.Debug|Any CPU.ActiveCfg = Debug|Any CPU
		{DDF5E135-C1E9-4C05-BAC3-4E364CCF3C0B}.Debug|Any CPU.Build.0 = Debug|Any CPU
		{DDF5E135-C1E9-4C05-BAC3-4E364CCF3C0B}.Release|Any CPU.ActiveCfg = Release|Any CPU
		{DDF5E135-C1E9-4C05-BAC3-4E364CCF3C0B}.Release|Any CPU.Build.0 = Release|Any CPU
	EndGlobalSection
	GlobalSection(SolutionProperties) = preSolution
		HideSolutionNode = FALSE
	EndGlobalSection
EndGlobal
